[[package]]
name = "bcrypt"
version = "4.3.0"
description = "Modern password hashing for your software and your servers"
optional = false
python-versions = ">=3.9"
category = "main"
active = true

[[package]]
name = "ecdsa"
version = "0.19.2"
description = "ECDSA cryptographic signature library, purely python"
optional = false
python-versions = ">=3.9"
category = "main"
active = true

[[package]]
name = "passlib"
version = "1.7.4"
description = "Comprehensive password hashing framework supporting 20+ schemes"
optional = false
python-versions = ">=2.7, !=3.0.*, !=3.1.*, !=3.2.*, !=3.3.*, !=3.4.*"
category = "main"
active = true

[[package]]
name = "pyasn1"
version = "0.6.3"
description = "Pure-Python implementation of ASN.1 types and DER/BER/CER codecs"
optional = false
python-versions = ">=2.7, !=3.0.*, !=3.1.*, !=3.2.*, !=3.3.*"
category = "main"
active = true

[[package]]
name = "python-jose"
version = "3.5.0"
description = "JOSE implementation in Python"
optional = false
python-versions = ">=3.9"
category = "main"
active = true

[[package]]
name = "python-multipart"
version = "0.0.9"
description = "HTTP multipart-form parsing ( Rojas / Russell )"
optional = false
python-versions = ">=3.9"
category = "main"
active = true

[[package]]
name = "rsa"
version = "4.9"
description = "Pure-Python RSA implementation"
optional = false
python-versions = ">=3.9,<4"
category = "main"
active = true
